
Microsoft Visual Studio Solution File, Format Version 12.00
Project("{FAE04EC0-301F-11D3-BF4B-00C04F79EFBC}") = "Forms", "Forms\Forms.csproj", "{57F9C434-CAB3-460F-8649-A2A7A13FEB70}"
EndProject
Global
	GlobalSection(SolutionConfigurationPlatforms) = preSolution
		Debug|Any CPU = Debug|Any CPU
		Release|Any CPU = Release|Any CPU
	EndGlobalSection
	GlobalSection(ProjectConfigurationPlatforms) = postSolution
		{57F9C434-CAB3-460F-8649-A2A7A13FEB70}.Debug|Any CPU.ActiveCfg = Debug|Any CPU
		{57F9C434-CAB3-460F-8649-A2A7A13FEB70}.Debug|Any CPU.Build.0 = Debug|Any CPU
		{57F9C434-CAB3-460F-8649-A2A7A13FEB70}.Release|Any CPU.ActiveCfg = Release|Any CPU
		{57F9C434-CAB3-460F-8649-A2A7A13FEB70}.Release|Any CPU.Build.0 = Release|Any CPU
	EndGlobalSection
EndGlobal
